// !$*UTF8*$!
{
	archiveVersion = 1;
	classes = {
	};
	objectVersion = 50;
	objects = {

/* Begin PBXBuildFile section */
		B90285F425CB33B2002D6DEC /* AppDelegate.swift in Sources */ = {isa = PBXBuildFile; fileRef = B90285F325CB33B2002D6DEC /* AppDelegate.swift */; };
		B90285F625CB33B2002D6DEC /* SceneDelegate.swift in Sources */ = {isa = PBXBuildFile; fileRef = B90285F525CB33B2002D6DEC /* SceneDelegate.swift */; };
		B90285F825CB33B2002D6DEC /* ViewController.swift in Sources */ = {isa = PBXBuildFile; fileRef = B90285F725CB33B2002D6DEC /* ViewController.swift */; };
		B90285FB25CB33B2002D6DEC /* Main.storyboard in Resources */ = {isa = PBXBuildFile; fileRef = B90285F925CB33B2002D6DEC /* Main.storyboard */; };
		B90285FD25CB33B4002D6DEC /* Assets.xcassets in Resources */ = {isa = PBXBuildFile; fileRef = B90285FC25CB33B4002D6DEC /* Assets.xcassets */; };
		B902860025CB33B4002D6DEC /* LaunchScreen.storyboard in Resources */ = {isa = PBXBuildFile; fileRef = B90285FE25CB33B4002D6DEC /* LaunchScreen.storyboard */; };
		B902860925CB357B002D6DEC /* CryptoTableViewCell.swift in Sources */ = {isa = PBXBuildFile; fileRef = B902860825CB357B002D6DEC /* CryptoTableViewCell.swift */; };
		B902861125CB384A002D6DEC /* CryptoCurrency.swift in Sources */ = {isa = PBXBuildFile; fileRef = B902861025CB384A002D6DEC /* CryptoCurrency.swift */; };
/* End PBXBuildFile section */

/* Begin PBXFileReference section */
		B90285F025CB33B2002D6DEC /* CryptoApp.app */ = {isa = PBXFileReference; explicitFileType = wrapper.application; includeInIndex = 0; path = CryptoApp.app; sourceTree = BUILT_PRODUCTS_DIR; };
		B90285F325CB33B2002D6DEC /* AppDelegate.swift */ = {isa = PBXFileReference; lastKnownFileType = sourcecode.swift; path = AppDelegate.swift; sourceTree = "<group>"; };
		B90285F525CB33B2002D6DEC /* SceneDelegate.swift */ = {isa = PBXFileReference; lastKnownFileType = sourcecode.swift; path = SceneDelegate.swift; sourceTree = "<group>"; };
		B90285F725CB33B2002D6DEC /* ViewController.swift */ = {isa = PBXFileReference; lastKnownFileType = sourcecode.swift; path = ViewController.swift; sourceTree = "<group>"; };
		B90285FA25CB33B2002D6DEC /* Base */ = {isa = PBXFileReference; lastKnownFileType = file.storyboard; name = Base; path = Base.lproj/Main.storyboard; sourceTree = "<group>"; };
		B90285FC25CB33B4002D6DEC /* Assets.xcassets */ = {isa = PBXFileReference; lastKnownFileType = folder.assetcatalog; path = Assets.xcassets; sourceTree = "<group>"; };
		B90285FF25CB33B4002D6DEC /* Base */ = {isa = PBXFileReference; lastKnownFileType = file.storyboard; name = Base; path = Base.lproj/LaunchScreen.storyboard; sourceTree = "<group>"; };
		B902860125CB33B4002D6DEC /* Info.plist */ = {isa = PBXFileReference; lastKnownFileType = text.plist.xml; path = Info.plist; sourceTree = "<group>"; };
		B902860825CB357B002D6DEC /* CryptoTableViewCell.swift */ = {isa = PBXFileReference; lastKnownFileType = sourcecode.swift; path = CryptoTableViewCell.swift; sourceTree = "<group>"; };
		B902861025CB384A002D6DEC /* CryptoCurrency.swift */ = {isa = PBXFileReference; lastKnownFileType = sourcecode.swift; path = CryptoCurrency.swift; sourceTree = "<group>"; };
/* End PBXFileReference section */

/* Begin PBXFrameworksBuildPhase section */
		B90285ED25CB33B2002D6DEC /* Frameworks */ = {
			isa = PBXFrameworksBuildPhase;
			buildActionMask = 2147483647;
			files = (
			);
			runOnlyForDeploymentPostprocessing = 0;
		};
/* End PBXFrameworksBuildPhase section */

/* Begin PBXGroup section */
		B90285E725CB33B2002D6DEC = {
			isa = PBXGroup;
			children = (
				B90285F225CB33B2002D6DEC /* CryptoApp */,
				B90285F125CB33B2002D6DEC /* Products */,
			);
			sourceTree = "<group>";
		};
		B90285F125CB33B2002D6DEC /* Products */ = {
			isa = PBXGroup;
			children = (
				B90285F025CB33B2002D6DEC /* CryptoApp.app */,
			);
			name = Products;
			sourceTree = "<group>";
		};
		B90285F225CB33B2002D6DEC /* CryptoApp */ = {
			isa = PBXGroup;
			children = (
				B902860F25CB37D7002D6DEC /* Service */,
				B902860E25CB37C9002D6DEC /* ViewModel */,
				B902860D25CB37C3002D6DEC /* Model */,
				B902860C25CB37BC002D6DEC /* View */,
				B90285F925CB33B2002D6DEC /* Main.storyboard */,
				B90285FC25CB33B4002D6DEC /* Assets.xcassets */,
				B90285FE25CB33B4002D6DEC /* LaunchScreen.storyboard */,
				B902860125CB33B4002D6DEC /* Info.plist */,
			);
			path = CryptoApp;
			sourceTree = "<group>";
		};
		B902860C25CB37BC002D6DEC /* View */ = {
			isa = PBXGroup;
			children = (
				B90285F325CB33B2002D6DEC /* AppDelegate.swift */,
				B90285F525CB33B2002D6DEC /* SceneDelegate.swift */,
				B90285F725CB33B2002D6DEC /* ViewController.swift */,
				B902860825CB357B002D6DEC /* CryptoTableViewCell.swift */,
			);
			path = View;
			sourceTree = "<group>";
		};
		B902860D25CB37C3002D6DEC /* Model */ = {
			isa = PBXGroup;
			children = (
				B902861025CB384A002D6DEC /* CryptoCurrency.swift */,
			);
			path = Model;
			sourceTree = "<group>";
		};
		B902860E25CB37C9002D6DEC /* ViewModel */ = {
			isa = PBXGroup;
			children = (
			);
			path = ViewModel;
			sourceTree = "<group>";
		};
		B902860F25CB37D7002D6DEC /* Service */ = {
			isa = PBXGroup;
			children = (
			);
			path = Service;
			sourceTree = "<group>";
		};
/* End PBXGroup section */

/* Begin PBXNativeTarget section */
		B90285EF25CB33B2002D6DEC /* CryptoApp */ = {
			isa = PBXNativeTarget;
			buildConfigurationList = B902860425CB33B4002D6DEC /* Build configuration list for PBXNativeTarget "CryptoApp" */;
			buildPhases = (
				B90285EC25CB33B2002D6DEC /* Sources */,
				B90285ED25CB33B2002D6DEC /* Frameworks */,
				B90285EE25CB33B2002D6DEC /* Resources */,
			);
			buildRules = (
			);
			dependencies = (
			);
			name = CryptoApp;
			productName = CryptoApp;
			productReference = B90285F025CB33B2002D6DEC /* CryptoApp.app */;
			productType = "com.apple.product-type.application";
		};
/* End PBXNativeTarget section */

/* Begin PBXProject section */
		B90285E825CB33B2002D6DEC /* Project object */ = {
			isa = PBXProject;
			attributes = {
				LastSwiftUpdateCheck = 1240;
				LastUpgradeCheck = 1240;
				TargetAttributes = {
					B90285EF25CB33B2002D6DEC = {
						CreatedOnToolsVersion = 12.4;
					};
				};
			};
			buildConfigurationList = B90285EB25CB33B2002D6DEC /* Build configuration list for PBXProject "CryptoApp" */;
			compatibilityVersion = "Xcode 9.3";
			developmentRegion = en;
			hasScannedForEncodings = 0;
			knownRegions = (
				en,
				Base,
			);
			mainGroup = B90285E725CB33B2002D6DEC;
			productRefGroup = B90285F125CB33B2002D6DEC /* Products */;
			projectDirPath = "";
			projectRoot = "";
			targets = (
				B90285EF25CB33B2002D6DEC /* CryptoApp */,
			);
		};
/* End PBXProject section */

/* Begin PBXResourcesBuildPhase section */
		B90285EE25CB33B2002D6DEC /* Resources */ = {
			isa = PBXResourcesBuildPhase;
			buildActionMask = 2147483647;
			files = (
				B902860025CB33B4002D6DEC /* LaunchScreen.storyboard in Resources */,
				B90285FD25CB33B4002D6DEC /* Assets.xcassets in Resources */,
				B90285FB25CB33B2002D6DEC /* Main.storyboard in Resources */,
			);
			runOnlyForDeploymentPostprocessing = 0;
		};
/* End PBXResourcesBuildPhase section */

/* Begin PBXSourcesBuildPhase section */
		B90285EC25CB33B2002D6DEC /* Sources */ = {
			isa = PBXSourcesBuildPhase;
			buildActionMask = 2147483647;
			files = (
				B902860925CB357B002D6DEC /* CryptoTableViewCell.swift in Sources */,
				B90285F825CB33B2002D6DEC /* ViewController.swift in Sources */,
				B90285F425CB33B2002D6DEC /* AppDelegate.swift in Sources */,
				B902861125CB384A002D6DEC /* CryptoCurrency.swift in Sources */,
				B90285F625CB33B2002D6DEC /* SceneDelegate.swift in Sources */,
			);
			runOnlyForDeploymentPostprocessing = 0;
		};
/* End PBXSourcesBuildPhase section */

/* Begin PBXVariantGroup section */
		B90285F925CB33B2002D6DEC /* Main.storyboard */ = {
			isa = PBXVariantGroup;
			children = (
				B90285FA25CB33B2002D6DEC /* Base */,
			);
			name = Main.storyboard;
			sourceTree = "<group>";
		};
		B90285FE25CB33B4002D6DEC /* LaunchScreen.storyboard */ = {
			isa = PBXVariantGroup;
			children = (
				B90285FF25CB33B4002D6DEC /* Base */,
			);
			name = LaunchScreen.storyboard;
			sourceTree = "<group>";
		};
/* End PBXVariantGroup section */

/* Begin XCBuildConfiguration section */
		B902860225CB33B4002D6DEC /* Debug */ = {
			isa = XCBuildConfiguration;
			buildSettings = {
				ALWAYS_SEARCH_USER_PATHS = NO;
				CLANG_ANALYZER_NONNULL = YES;
				CLANG_ANALYZER_NUMBER_OBJECT_CONVERSION = YES_AGGRESSIVE;
				CLANG_CXX_LANGUAGE_STANDARD = "gnu++14";
				CLANG_CXX_LIBRARY = "libc++";
				CLANG_ENABLE_MODULES = YES;
				CLANG_ENABLE_OBJC_ARC = YES;
				CLANG_ENABLE_OBJC_WEAK = YES;
				CLANG_WARN_BLOCK_CAPTURE_AUTORELEASING = YES;
				CLANG_WARN_BOOL_CONVERSION = YES;
				CLANG_WARN_COMMA = YES;
				CLANG_WARN_CONSTANT_CONVERSION = YES;
				CLANG_WARN_DEPRECATED_OBJC_IMPLEMENTATIONS = YES;
				CLANG_WARN_DIRECT_OBJC_ISA_USAGE = YES_ERROR;
				CLANG_WARN_DOCUMENTATION_COMMENTS = YES;
				CLANG_WARN_EMPTY_BODY = YES;
				CLANG_WARN_ENUM_CONVERSION = YES;
				CLANG_WARN_INFINITE_RECURSION = YES;
				CLANG_WARN_INT_CONVERSION = YES;
				CLANG_WARN_NON_LITERAL_NULL_CONVERSION = YES;
				CLANG_WARN_OBJC_IMPLICIT_RETAIN_SELF = YES;
				CLANG_WARN_OBJC_LITERAL_CONVERSION = YES;
				CLANG_WARN_OBJC_ROOT_CLASS = YES_ERROR;
				CLANG_WARN_QUOTED_INCLUDE_IN_FRAMEWORK_HEADER = YES;
				CLANG_WARN_RANGE_LOOP_ANALYSIS = YES;
				CLANG_WARN_STRICT_PROTOTYPES = YES;
				CLANG_WARN_SUSPICIOUS_MOVE = YES;
				CLANG_WARN_UNGUARDED_AVAILABILITY = YES_AGGRESSIVE;
				CLANG_WARN_UNREACHABLE_CODE = YES;
				CLANG_WARN__DUPLICATE_METHOD_MATCH = YES;
				COPY_PHASE_STRIP = NO;
				DEBUG_INFORMATION_FORMAT = dwarf;
				ENABLE_STRICT_OBJC_MSGSEND = YES;
				ENABLE_TESTABILITY = YES;
				GCC_C_LANGUAGE_STANDARD = gnu11;
				GCC_DYNAMIC_NO_PIC = NO;
				GCC_NO_COMMON_BLOCKS = YES;
				GCC_OPTIMIZATION_LEVEL = 0;
				GCC_PREPROCESSOR_DEFINITIONS = (
					"DEBUG=1",
					"$(inherited)",
				);
				GCC_WARN_64_TO_32_BIT_CONVERSION = YES;
				GCC_WARN_ABOUT_RETURN_TYPE = YES_ERROR;
				GCC_WARN_UNDECLARED_SELECTOR = YES;
				GCC_WARN_UNINITIALIZED_AUTOS = YES_AGGRESSIVE;
				GCC_WARN_UNUSED_FUNCTION = YES;
				GCC_WARN_UNUSED_VARIABLE = YES;
				IPHONEOS_DEPLOYMENT_TARGET = 14.4;
				MTL_ENABLE_DEBUG_INFO = INCLUDE_SOURCE;
				MTL_FAST_MATH = YES;
				ONLY_ACTIVE_ARCH = YES;
				SDKROOT = iphoneos;
				SWIFT_ACTIVE_COMPILATION_CONDITIONS = DEBUG;
				SWIFT_OPTIMIZATION_LEVEL = "-Onone";
			};
			name = Debug;
		};
		B902860325CB33B4002D6DEC /* Release */ = {
			isa = XCBuildConfiguration;
			buildSettings = {
				ALWAYS_SEARCH_USER_PATHS = NO;
				CLANG_ANALYZER_NONNULL = YES;
				CLANG_ANALYZER_NUMBER_OBJECT_CONVERSION = YES_AGGRESSIVE;
				CLANG_CXX_LANGUAGE_STANDARD = "gnu++14";
				CLANG_CXX_LIBRARY = "libc++";
				CLANG_ENABLE_MODULES = YES;
				CLANG_ENABLE_OBJC_ARC = YES;
				CLANG_ENABLE_OBJC_WEAK = YES;
				CLANG_WARN_BLOCK_CAPTURE_AUTORELEASING = YES;
				CLANG_WARN_BOOL_CONVERSION = YES;
				CLANG_WARN_COMMA = YES;
				CLANG_WARN_CONSTANT_CONVERSION = YES;
				CLANG_WARN_DEPRECATED_OBJC_IMPLEMENTATIONS = YES;
				CLANG_WARN_DIRECT_OBJC_ISA_USAGE = YES_ERROR;
				CLANG_WARN_DOCUMENTATION_COMMENTS = YES;
				CLANG_WARN_EMPTY_BODY = YES;
				CLANG_WARN_ENUM_CONVERSION = YES;
				CLANG_WARN_INFINITE_RECURSION = YES;
				CLANG_WARN_INT_CONVERSION = YES;
				CLANG_WARN_NON_LITERAL_NULL_CONVERSION = YES;
				CLANG_WARN_OBJC_IMPLICIT_RETAIN_SELF = YES;
				CLANG_WARN_OBJC_LITERAL_CONVERSION = YES;
				CLANG_WARN_OBJC_ROOT_CLASS = YES_ERROR;
				CLANG_WARN_QUOTED_INCLUDE_IN_FRAMEWORK_HEADER = YES;
				CLANG_WARN_RANGE_LOOP_ANALYSIS = YES;
				CLANG_WARN_STRICT_PROTOTYPES = YES;
				CLANG_WARN_SUSPICIOUS_MOVE = YES;
				CLANG_WARN_UNGUARDED_AVAILABILITY = YES_AGGRESSIVE;
				CLANG_WARN_UNREACHABLE_CODE = YES;
				CLANG_WARN__DUPLICATE_METHOD_MATCH = YES;
				COPY_PHASE_STRIP = NO;
				DEBUG_INFORMATION_FORMAT = "dwarf-with-dsym";
				ENABLE_NS_ASSERTIONS = NO;
				ENABLE_STRICT_OBJC_MSGSEND = YES;
				GCC_C_LANGUAGE_STANDARD = gnu11;
				GCC_NO_COMMON_BLOCKS = YES;
				GCC_WARN_64_TO_32_BIT_CONVERSION = YES;
				GCC_WARN_ABOUT_RETURN_TYPE = YES_ERROR;
				GCC_WARN_UNDECLARED_SELECTOR = YES;
				GCC_WARN_UNINITIALIZED_AUTOS = YES_AGGRESSIVE;
				GCC_WARN_UNUSED_FUNCTION = YES;
				GCC_WARN_UNUSED_VARIABLE = YES;
				IPHONEOS_DEPLOYMENT_TARGET = 14.4;
				MTL_ENABLE_DEBUG_INFO = NO;
				MTL_FAST_MATH = YES;
				SDKROOT = iphoneos;
				SWIFT_COMPILATION_MODE = wholemodule;
				SWIFT_OPTIMIZATION_LEVEL = "-O";
				VALIDATE_PRODUCT = YES;
			};
			name = Release;
		};
		B902860525CB33B4002D6DEC /* Debug */ = {
			isa = XCBuildConfiguration;
			buildSettings = {
				ASSETCATALOG_COMPILER_APPICON_NAME = AppIcon;
				ASSETCATALOG_COMPILER_GLOBAL_ACCENT_COLOR_NAME = AccentColor;
				CODE_SIGN_STYLE = Automatic;
				DEVELOPMENT_TEAM = QJS4FJ5R3Z;
				INFOPLIST_FILE = CryptoApp/Info.plist;
				LD_RUNPATH_SEARCH_PATHS = (
					"$(inherited)",
					"@executable_path/Frameworks",
				);
				PRODUCT_BUNDLE_IDENTIFIER = com.Onur.CryptoApp;
				PRODUCT_NAME = "$(TARGET_NAME)";
				SWIFT_VERSION = 5.0;
				TARGETED_DEVICE_FAMILY = "1,2";
			};
			name = Debug;
		};
		B902860625CB33B4002D6DEC /* Release */ = {
			isa = XCBuildConfiguration;
			buildSettings = {
				ASSETCATALOG_COMPILER_APPICON_NAME = AppIcon;
				ASSETCATALOG_COMPILER_GLOBAL_ACCENT_COLOR_NAME = AccentColor;
				CODE_SIGN_STYLE = Automatic;
				DEVELOPMENT_TEAM = QJS4FJ5R3Z;
				INFOPLIST_FILE = CryptoApp/Info.plist;
				LD_RUNPATH_SEARCH_PATHS = (
					"$(inherited)",
					"@executable_path/Frameworks",
				);
				PRODUCT_BUNDLE_IDENTIFIER = com.Onur.CryptoApp;
				PRODUCT_NAME = "$(TARGET_NAME)";
				SWIFT_VERSION = 5.0;
				TARGETED_DEVICE_FAMILY = "1,2";
			};
			name = Release;
		};
/* End XCBuildConfiguration section */

/* Begin XCConfigurationList section */
		B90285EB25CB33B2002D6DEC /* Build configuration list for PBXProject "CryptoApp" */ = {
			isa = XCConfigurationList;
			buildConfigurations = (
				B902860225CB33B4002D6DEC /* Debug */,
				B902860325CB33B4002D6DEC /* Release */,
			);
			defaultConfigurationIsVisible = 0;
			defaultConfigurationName = Release;
		};
		B902860425CB33B4002D6DEC /* Build configuration list for PBXNativeTarget "CryptoApp" */ = {
			isa = XCConfigurationList;
			buildConfigurations = (
				B902860525CB33B4002D6DEC /* Debug */,
				B902860625CB33B4002D6DEC /* Release */,
			);
			defaultConfigurationIsVisible = 0;
			defaultConfigurationName = Release;
		};
/* End XCConfigurationList section */
	};
	rootObject = B90285E825CB33B2002D6DEC /* Project object */;
}
